{
  "name": "rapp-hive-hub-static-web",
  "version": "0.1.1",
  "lockfileVersion": 3,
  "requires": true,
  "packages": {
    "": {
      "name": "rapp-hive-hub-static-web",
      "version": "0.1.1",
      "devDependencies": {
        "qrcode-generator": "1.4.4"
      },
      "engines": {
        "node": ">=20.18.0"
      }
    },
    "node_modules/qrcode-generator": {
      "version": "1.4.4",
      "resolved": "https://registry.npmjs.org/qrcode-generator/-/qrcode-generator-1.4.4.tgz",
      "integrity": "sha1-Y/dxIkhUdZMpqZBIgGpT7SeHQOc=",
      "dev": true,
      "license": "MIT"
    }
  }
}
