absl-py==2.5.0 --hash=sha256:0f17b89f2a4eaaedc4f28c622998aa690564b3012a396a4ffad0821007fe03ba
alembic==1.14.0 --hash=sha256:99bd884ca390466db5e27ffccff1d179ec5c05c965cfefc0607e69f9e411cb25
annotated-doc==0.0.5 --hash=sha256:117bac03a25ede5df5440e855b32d556049ca169ead221505badf432fed4b101
annotated-types==0.8.0 --hash=sha256:f072f4d804ea359e4eaf198b1af7a8b0943881a87f31bb764f8bf219bb9419e0
anyio==4.15.1 --hash=sha256:6152fdbbf9a77fdec97731721bebf7c4c44f7c29b424b0065826173efc7ed101
asyncpg==0.30.0 --hash=sha256:3326e6d7381799e9735ca2ec9fd7be4d5fef5dcbc3cb555d8a463d8460607956
attrs==26.1.0 --hash=sha256:c647aa4a12dfbad9333ca4e71fe62ddc36f4e63b2d260a37a8b83d2f043ac309
authlib==1.3.2 --hash=sha256:ede026a95e9f5cdc2d4364a52103f5405e75aa156357e831ef2bfd0bc5094dfc
av==18.1.0 --hash=sha256:8a032e8d8ebc73dec079364b9b4a6837638a2d106e8472314e685ffbf163e700
beautifulsoup4==4.14.3 --hash=sha256:0918bfe44902e6ad8d57732ba310582e98da931428d231a5ecb9e7c703a735bb
bgutil-ytdlp-pot-provider==2.0.0 --hash=sha256:22884c399802771ddfd9275bb05b178d67c89db67a1d5d1e17ed7f681956628e
boto3==1.43.4 --hash=sha256:c4910b54c1f2401ab55d9fbca3d92df0a68e4ac64a69f2bab47a079e384a9d4f
botocore==1.43.99 --hash=sha256:6c9d66621b31c9f9af2b85a0b4c0c208e17d59d7d49f91c9111baca6d41d0299
brotli==1.2.0 --hash=sha256:40d918bce2b427a0c4ba189df7a006ac0c7277c180aee4617d99e9ccaaf59e6a
certifi==2026.7.22 --hash=sha256:62f22742b58a1a33014a2b6b706588a8d7e2a88ae7bd1a6ebe8c992928483775
cffi==2.1.1 --hash=sha256:34e261f78cb6ceaaa36f42f2613f4380d94d9c759a9c73c769ee6e0247364632
charset-normalizer==3.5.1 --hash=sha256:c7b742bf31c88566b4bb6335a7f393bb322e580b6bb98df7bd0c25e6e3519ce8
click==8.5.0 --hash=sha256:255bc9599cf7748b4b1a446ccc735421bd08a2ae529a8b88597d3de5664ee360
contourpy==1.3.3 --hash=sha256:51e79c1f7470158e838808d4a996fa9bac72c498e93d8ebe5119bc1e6becb0db
cryptography==50.0.1 --hash=sha256:51593d180cf6d179bde5c5d065bed81386b1f381656ae7d042b7ffc87a9895ad
ctranslate2==4.8.2 --hash=sha256:a24e0a95151b970941867fec94c983df978630f1996242a587c072d455607d28
cycler==0.12.1 --hash=sha256:85cef7cff222d8644161529808465972e51340599459b8ac3ccbac5a854e0d30
distro==1.9.0 --hash=sha256:7bffd925d65168f85027d8da9af6bddab658135b840670a223589bc0c8ef02b2
dnspython==2.7.0 --hash=sha256:b4c34b7d10b51bcc3a5071e7b8dee77939f1e878477eeecc965e9835f63c6c86
email-validator==2.2.0 --hash=sha256:561977c2d73ce3611850a06fa56b414621e0c8faa9d66f2611407d87465da631
fastapi==0.136.1 --hash=sha256:a6e9d7eeada96c93a4d69cb03836b44fa34e2854accb7244a1ece36cd4781c3f
faster-whisper==1.2.1 --hash=sha256:79a66ad50688c0b794dd501dc340a736992a6342f7f95e5811be60b5224a26a7
ffmpeg-python==0.2.0 --hash=sha256:ac441a0404e053f8b6a1113a77c0f452f1cfc62f6344a769475ffdc0f56c23c5
filelock==4.0.1 --hash=sha256:481a321a27bef441e23c53371c6abc8d7d16e26b97090074ba44f7538a3fd55a
flatbuffers==25.12.19 --hash=sha256:7634f50c427838bb021c2d66a3d1168e9d199b0607e6329399f04846d42e20b4
fonttools==4.65.0 --hash=sha256:a3991732c87b3f054a2a8cf86dd0d602833fa8cb37c911503173771646e1013d
fsspec==2026.9.0 --hash=sha256:8dd6e646e99ea382bd85f97a45e6b526a442d79423a7dc673f1e2756d05fcb5f
future==1.0.0 --hash=sha256:929292d34f5872e70396626ef385ec22355a1fae8ad29e1a734c3e43f9fbc216
google-auth==2.58.0 --hash=sha256:8a9c4645bb4c8e91668fb1934b95ae6a8687084232753639220ba9bf04a1610d
google-genai==1.75.0 --hash=sha256:8dc4c096e7d6288c3087f6893f582fe52468932464781edb8193bd92b9fefb2c
greenlet==3.5.6 --hash=sha256:1c20ea32a73d17b9b60e3371240e17b0068120c98a5ec01a224a7dd8c89733ba
h11==0.16.0 --hash=sha256:63cf8bbe7522de3bf65932fda1d9c2772064ffb3dae62d55932da54b31cb6c86
hf-xet==1.6.0 --hash=sha256:d62671bb130879cef0ee4c9ebe47a14af6c66ec53e6d84dc15936e5ffdfac82f
httpcore==1.0.9 --hash=sha256:2d400746a40668fc9dec9810239072b40b4484b640a8c38fd654a024c7a1bf55
httpx==0.28.1 --hash=sha256:d909fcccc110f8c7faf814ca82a9a4d816bc5a6dbfea25d6591d6985b8ba59ad
huggingface-hub==1.32.0 --hash=sha256:b0c7c80561969d9cdacdd55fce67ba9584cca0b9d4ea80957a3a5c1445fac5c8
idna==3.20 --hash=sha256:ab7ae7122974553370f0bdb919e1a960b2cd1bc1ef0276416d896db81c14582c
itsdangerous==2.2.0 --hash=sha256:c6242fc49e35958c8b15141343aa660db5fc54d4f13a1db01a3f5891b98700ef
jax==0.10.2 --hash=sha256:724d73c4678d8b06f6a6ab4db1b8a2fea8cd4f1e2c2564f99601634ec7b8d1c6
jaxlib==0.10.2 --hash=sha256:1faca3c5d4662cb4a6130a68105d68bb520764817e165d6eebfd6786c0d1f30f
jinja2==3.1.6 --hash=sha256:85ece4451f492d0c13c5dd7c13a64681a86afae63a5f347908daf103ce6d2f67
jmespath==1.1.0 --hash=sha256:a5663118de4908c91729bea0acadca56526eb2698e83de10cd116ae0f4e97c64
kiwisolver==1.5.1 --hash=sha256:95a02752aa032eef4aed01cda6d9b687c669bd0396bf4519eef8bba22a286720
mako==1.4.1 --hash=sha256:a359d9a94a541213958742b2698d0a7757bb83551767bc468a74b9905aba9617
markupsafe==3.0.3 --hash=sha256:0bf2a864d67e76e5c9a34dc26ec616a66b9888e25e7b9460e1c76d3293bd9dbf
matplotlib==3.11.2 --hash=sha256:07d9b9fa60cd4c393692f50d0bb03123242ddf61c99bb0e95e75feb354e7c1a8
mediapipe==0.10.14 --hash=sha256:a807328339e7356fda0bb14df12fedbf1d33bdf81649c5f8666b0026b1cc30b4
ml-dtypes==0.6.0 --hash=sha256:6c8e39b53e90afda8ce52859c93de4dba3e02b76d85dcf091cc469f9184c6dae
mpmath==1.3.0 --hash=sha256:a0b2b9fe80bbcd81a6647ff13108738cfb482d481d826cc0e02f5b35e5c88d2c
mutagen==1.48.1 --hash=sha256:4f077fe87d3fc7fba259aa63d8c026b18382ca6a42ef37c61e16f1b1b5b82fe7
networkx==3.6.1 --hash=sha256:d47fbf302e7d9cbbb9e2555a0d267983d2aa476bac30e90dfbe5669bd57f3762
numpy==2.4.6 --hash=sha256:89cd468399cfd2504718f0ba50e410dca55a170b61a02ad92bb18c8a65186e93
onnxruntime==1.30.0 --hash=sha256:fd54b314ea385bcecac69ab431f020ba503e3878dad4ebb645fec5a24b041242
opencv-contrib-python==5.0.0.93 --hash=sha256:8427dcb0561dc3ba32f3771c627f52b87c29932c265bea28ffcb54804c3c3fec
opencv-python==5.0.0.93 --hash=sha256:c8de2dec111122a02e8beb28e16c31904992dfd6186560b142a92c71403c1039
opt-einsum==3.4.0 --hash=sha256:69bb92469f86a1565195ece4ac0323943e83477171b91d24c35afe028a90d7cd
packaging==26.3 --hash=sha256:d7193f7c8e4e93f444fde0262bf90af30e16fa0ad0ad44cb553c87339b23cd1c
pandas==3.0.6 --hash=sha256:47121f9571503f724c9b93e297ab6254ac99c77adf5e9ed085ea419fd585c258
pillow==12.2.0 --hash=sha256:e74473c875d78b8e9d5da2a70f7099549f9eb37ded4e2f6a463e60125bccd176
platformdirs==4.11.11 --hash=sha256:972ea6b2b387155a536226a0750e46923d731d459a387c4a255c583ed2f64547
polars==1.44.2 --hash=sha256:1bb331f17a40d9d931101533dcd33637b66edc61eb377b07020dac16a0f0377b
polars-runtime-32==1.44.2 --hash=sha256:a1bafb441e99199a62c63bf1bbdc0ea09ee9776dbac2bf31452b5000fb1df2f7
protobuf==4.25.9 --hash=sha256:438c636de8fb706a0de94a12a268ef1ae8f5ba5ae655a7671fcda5968ba3c9be
psutil==7.2.2 --hash=sha256:076a2d2f923fd4821644f5ba89f059523da90dc9014e85f8e45a5774ca5bc6f9
py3langid==0.3.0 --hash=sha256:38f022eec31cf9a2bf6f142acb2a9b350fd7d0d5ae7762b1392c6d3567401fd3
pyasn1==0.6.4 --hash=sha256:deda9277cfd454080ec40b207fb6df82206a3a2688735233cdcd8d3d565f088b
pyasn1-modules==0.4.2 --hash=sha256:29253a9207ce32b64c3ac6600edc75368f98473906e8fd1043bd6b5b1de2c14a
pycparser==3.0 --hash=sha256:b727414169a36b7d524c1c3e31839a521725078d7b2ff038656844266160a992
pycryptodomex==3.23.0 --hash=sha256:f489c4765093fb60e2edafdf223397bc716491b2b69fe74367b70d6999257a5c
pydantic==2.13.5 --hash=sha256:346a034f080da3755d8e9cb5e00e8b07de1d39e4f6e2c87d8ab7cafa0b269a73
pydantic-core==2.46.5 --hash=sha256:49776eab08766a08dfff7012f8b422dcd7e25e43b316eedf0477c24fcfa84b7c
pyjwt==2.10.1 --hash=sha256:dcdd193e30abefd5debf142f9adfcdd2b58004e644f25406ffaebd50bd98dacb
pyparsing==3.3.3 --hash=sha256:ece8c00a69cf01b45d0b1dedabb469c90d8caf996d4fda40f147627a122849a4
python-dateutil==2.9.0.post0 --hash=sha256:a8b2bc7bffae282281c8140a97d3aa9c14da0b136dfe83f850eea9a5f7470427
python-dotenv==1.2.2 --hash=sha256:1d8214789a24de455a8b8bd8ae6fe3c6b69a5e3d64aa8a8e5d68e694bbcb285a
python-multipart==0.0.27 --hash=sha256:6fccfad17a27334bd0193681b369f476eda3409f17381a2d65aa7df3f7275645
pyyaml==6.0.3 --hash=sha256:b8bb0864c5a28024fac8a632c443c87c5aa6f215c0b126c449ae1a150412f31d
requests==2.34.2 --hash=sha256:2a0d60c172f83ac6ab31e4554906c0f3b3588d37b5cb939b1c061f4907e278e0
s3transfer==0.17.1 --hash=sha256:5b9827d1044159bbb01b86ef8902760ea39281927f5de31de75e1d657177bf4c
scenedetect==0.7 --hash=sha256:ae0fa86fd7c723fa9b56517888c4a8b8ff5b6e6d0f1990a13d59fc11910ee7e1
scipy==1.17.1 --hash=sha256:43af8d1f3bea642559019edfe64e9b11192a8978efbd1539d7bc2aaa23d92de4
setuptools==81.0.0 --hash=sha256:fdd925d5c5d9f62e4b74b30d6dd7828ce236fd6ed998a08d81de62ce5a6310d6
six==1.17.0 --hash=sha256:4721f391ed90541fddacab5acf947aa0d3dc7d27b2e1e8eda2be8970586c3274
sniffio==1.3.1 --hash=sha256:2f6da418d1f1e0fddd844478f41680e794e6051915791a034ff65e5f100525a2
sounddevice==0.5.6 --hash=sha256:de099612311ad81e55d31ccbd83f43ea6bf4d87b48f9b6ea55a1fbcde0eee4e0
soupsieve==2.9.2 --hash=sha256:8089a26fd974ca7a1f30276d3d8492ab266ab15af581642dfe8aa162e0c1c823
sqlalchemy==2.0.36 --hash=sha256:2519f3a5d0517fc159afab1015e54bb81b4406c278749779be57a569d8d1bb0d
starlette==1.6.0 --hash=sha256:a86dd39d14bb45f85a3d18525215a9ef0cfd1f192ac793220e72598c90335f0c
stripe==11.3.0 --hash=sha256:9d2e86943e1e4f325835d3860c4f58aa98d49229c9caf67588f9f9b2451e8e56
sympy==1.14.0 --hash=sha256:e091cc3e99d2141a0ba2847328f5479b05d94a6635cb96148ccb3f34671bd8f5
tenacity==9.1.4 --hash=sha256:6095a360c919085f28c6527de529e76a06ad89b23659fa881ae0649b867a9d55
tokenizers==0.23.2 --hash=sha256:41c2f84d172449b4dadb9cdc508e3e364076613c35b16e76ecfe47a60d1e3305
torch==2.11.0+cpu --hash=sha256:8a56a8c95531ef0e454510ba8bbd9d11dc7a9000337265210b10f6bfeacdd485
torchvision==0.26.0+cpu --hash=sha256:7fcc4584e9f2f8914f898a01437f25b16222fb0bfb3fdeba59cb1b0c640b0995
tqdm==4.67.3 --hash=sha256:ee1e4c0e59148062281c49d80b25b67771a127c85fc9676d3be5f243206826bf
transnetv2-pytorch==1.0.5 --hash=sha256:9f8e72085526aaa95383d219b6750b1fa45b865fd10d840cafa12ef78ab3bf27
typing-extensions==4.16.0 --hash=sha256:481caa481374e813c1b176ada14e97f1f67a4539ce9cfeb3f350d78d6370c2e8
typing-inspection==0.4.4 --hash=sha256:65b8397ba37ccbce054456aaccddfc91e6e3083c92824df348d96ca832f3f147
ultralytics==8.4.46 --hash=sha256:87982e71fad96424ef0356eb2d1a7a32526051c404089e979634322dc3ba4156
ultralytics-thop==2.1.6 --hash=sha256:23f7b8ad124fa3432c1a7de9279102c4fdda699216032a7dff49f87ec3d1a3af
urllib3==2.8.0 --hash=sha256:0cf3cae568d36aa9576b28dfb35f11328f1cb974ca7647d9475ebb86c75ac6e3
uvicorn==0.46.0 --hash=sha256:bbebbcbed972d162afca128605223022bedd345b7bc7855ce66deb31487a9048
websockets==16.1.1 --hash=sha256:da4ca1a9d72f9030b3146b8d7022719a9f3d478f61efe6f7dd51d243f61c51b2
yt-dlp==2026.8.19 --hash=sha256:1d57897e94c6665a0a6f9bc54b34e584284e32c034ffab3a7df25d8f7b24eedf
yt-dlp-ejs==0.8.0 --hash=sha256:79300e5fca7f937a1eeede11f0456862c1b41107ce1d726871e0207424f4bdb4
